
Microsoft Visual Studio Solution File, Format Version 12.00
# Visual Studio Version 17
VisualStudioVersion = 17.9.34728.123
MinimumVisualStudioVersion = 10.0.40219.1
Project("{FAE04EC0-301F-11D3-BF4B-00C04F79EFBC}") = "switch", "switch.csproj", "{0575B3A1-8D71-450B-A88F-B6382E105218}"
EndProject
Global
	GlobalSection(SolutionConfigurationPlatforms) = preSolution
		Debug|Any CPU = Debug|Any CPU
		Release|Any CPU = Release|Any CPU
	EndGlobalSection
	GlobalSection(ProjectConfigurationPlatforms) = postSolution
		{0575B3A1-8D71-450B-A88F-B6382E105218}.Debug|Any CPU.ActiveCfg = Debug|Any CPU
		{0575B3A1-8D71-450B-A88F-B6382E105218}.Debug|Any CPU.Build.0 = Debug|Any CPU
		{0575B3A1-8D71-450B-A88F-B6382E105218}.Release|Any CPU.ActiveCfg = Release|Any CPU
		{0575B3A1-8D71-450B-A88F-B6382E105218}.Release|Any CPU.Build.0 = Release|Any CPU
	EndGlobalSection
	GlobalSection(SolutionProperties) = preSolution
		HideSolutionNode = FALSE
	EndGlobalSection
	GlobalSection(ExtensibilityGlobals) = postSolution
		SolutionGuid = {22A1E2C8-5824-4295-B075-E6A660AFF6F6}
	EndGlobalSection
EndGlobal
